
Microsoft Visual Studio Solution File, Format Version 12.00
# Visual Studio 15
VisualStudioVersion = 15.0.28307.271
MinimumVisualStudioVersion = 10.0.40219.1
Project("{FAE04EC0-301F-11D3-BF4B-00C04F79EFBC}") = "WindowsISODownloader", "WindowsISODownloader\WindowsISODownloader.csproj", "{D433E036-FBC2-46EA-95B2-503907B9A7A4}"
EndProject
Global
	GlobalSection(SolutionConfigurationPlatforms) = preSolution
		Debug|Any CPU = Debug|Any CPU
		Release|Any CPU = Release|Any CPU
	EndGlobalSection
	GlobalSection(ProjectConfigurationPlatforms) = postSolution
		{D433E036-FBC2-46EA-95B2-503907B9A7A4}.Debug|Any CPU.ActiveCfg = Debug|Any CPU
		{D433E036-FBC2-46EA-95B2-503907B9A7A4}.Debug|Any CPU.Build.0 = Debug|Any CPU
		{D433E036-FBC2-46EA-95B2-503907B9A7A4}.Release|Any CPU.ActiveCfg = Release|Any CPU
		{D433E036-FBC2-46EA-95B2-503907B9A7A4}.Release|Any CPU.Build.0 = Release|Any CPU
	EndGlobalSection
	GlobalSection(SolutionProperties) = preSolution
		HideSolutionNode = FALSE
	EndGlobalSection
	GlobalSection(ExtensibilityGlobals) = postSolution
		SolutionGuid = {BBF9EBA2-7F19-4594-9943-87F5DE351B73}
	EndGlobalSection
EndGlobal
